
Microsoft Visual Studio Solution File, Format Version 12.00
# Visual Studio Version 17
VisualStudioVersion = 17.0.31903.59
MinimumVisualStudioVersion = 10.0.40219.1
Project("{2150E333-8FDC-42A3-9474-1A3956D46DE8}") = "src", "src", "{827E0CD3-B72D-47B6-A68D-7590B98EB39B}"
EndProject
Project("{2150E333-8FDC-42A3-9474-1A3956D46DE8}") = "SSO.Domain", "SSO.Domain", "{D1F76E7C-C1B6-3B9C-7553-FD0990FD489F}"
EndProject
Project("{FAE04EC0-301F-11D3-BF4B-00C04F79EFBC}") = "SSO.Domain", "src\SSO.Domain\SSO.Domain\SSO.Domain.csproj", "{DE58A4CA-7DA0-4F82-99E4-8AB47C379AEF}"
EndProject
Project("{2150E333-8FDC-42A3-9474-1A3956D46DE8}") = "SSO.Application", "SSO.Application", "{C87AAEEA-0364-AEA7-4A02-7B1F98DAEDCF}"
EndProject
Project("{FAE04EC0-301F-11D3-BF4B-00C04F79EFBC}") = "SSO.Application", "src\SSO.Application\SSO.Application\SSO.Application.csproj", "{6D6BCB48-E00C-472A-9CE9-10661D62DDBE}"
EndProject
Project("{2150E333-8FDC-42A3-9474-1A3956D46DE8}") = "SSO.Infrastructure", "SSO.Infrastructure", "{F1DFE607-A162-5CD8-6B05-E6A3CFBB6686}"
EndProject
Project("{FAE04EC0-301F-11D3-BF4B-00C04F79EFBC}") = "SSO.Infrastructure", "src\SSO.Infrastructure\SSO.Infrastructure\SSO.Infrastructure.csproj", "{DB3C9225-2AB8-4767-8EDF-5E4B8E8C5AA9}"
EndProject
Project("{2150E333-8FDC-42A3-9474-1A3956D46DE8}") = "SSO.Api", "SSO.Api", "{3993769A-9B34-B25F-7DBE-A3C0D685E321}"
EndProject
Project("{FAE04EC0-301F-11D3-BF4B-00C04F79EFBC}") = "sso.api", "src\SSO.Api\sso.api.csproj", "{A7500003-6DFF-434E-A5AA-6AE8E4358F63}"
EndProject
Global
	GlobalSection(SolutionConfigurationPlatforms) = preSolution
		Debug|Any CPU = Debug|Any CPU
		Debug|x64 = Debug|x64
		Debug|x86 = Debug|x86
		Release|Any CPU = Release|Any CPU
		Release|x64 = Release|x64
		Release|x86 = Release|x86
	EndGlobalSection
	GlobalSection(ProjectConfigurationPlatforms) = postSolution
		{DE58A4CA-7DA0-4F82-99E4-8AB47C379AEF}.Debug|Any CPU.ActiveCfg = Debug|Any CPU
		{DE58A4CA-7DA0-4F82-99E4-8AB47C379AEF}.Debug|Any CPU.Build.0 = Debug|Any CPU
		{DE58A4CA-7DA0-4F82-99E4-8AB47C379AEF}.Debug|x64.ActiveCfg = Debug|Any CPU
		{DE58A4CA-7DA0-4F82-99E4-8AB47C379AEF}.Debug|x64.Build.0 = Debug|Any CPU
		{DE58A4CA-7DA0-4F82-99E4-8AB47C379AEF}.Debug|x86.ActiveCfg = Debug|Any CPU
		{DE58A4CA-7DA0-4F82-99E4-8AB47C379AEF}.Debug|x86.Build.0 = Debug|Any CPU
		{DE58A4CA-7DA0-4F82-99E4-8AB47C379AEF}.Release|Any CPU.ActiveCfg = Release|Any CPU
		{DE58A4CA-7DA0-4F82-99E4-8AB47C379AEF}.Release|Any CPU.Build.0 = Release|Any CPU
		{DE58A4CA-7DA0-4F82-99E4-8AB47C379AEF}.Release|x64.ActiveCfg = Release|Any CPU
		{DE58A4CA-7DA0-4F82-99E4-8AB47C379AEF}.Release|x64.Build.0 = Release|Any CPU
		{DE58A4CA-7DA0-4F82-99E4-8AB47C379AEF}.Release|x86.ActiveCfg = Release|Any CPU
		{DE58A4CA-7DA0-4F82-99E4-8AB47C379AEF}.Release|x86.Build.0 = Release|Any CPU
		{6D6BCB48-E00C-472A-9CE9-10661D62DDBE}.Debug|Any CPU.ActiveCfg = Debug|Any CPU
		{6D6BCB48-E00C-472A-9CE9-10661D62DDBE}.Debug|Any CPU.Build.0 = Debug|Any CPU
		{6D6BCB48-E00C-472A-9CE9-10661D62DDBE}.Debug|x64.ActiveCfg = Debug|Any CPU
		{6D6BCB48-E00C-472A-9CE9-10661D62DDBE}.Debug|x64.Build.0 = Debug|Any CPU
		{6D6BCB48-E00C-472A-9CE9-10661D62DDBE}.Debug|x86.ActiveCfg = Debug|Any CPU
		{6D6BCB48-E00C-472A-9CE9-10661D62DDBE}.Debug|x86.Build.0 = Debug|Any CPU
		{6D6BCB48-E00C-472A-9CE9-10661D62DDBE}.Release|Any CPU.ActiveCfg = Release|Any CPU
		{6D6BCB48-E00C-472A-9CE9-10661D62DDBE}.Release|Any CPU.Build.0 = Release|Any CPU
		{6D6BCB48-E00C-472A-9CE9-10661D62DDBE}.Release|x64.ActiveCfg = Release|Any CPU
		{6D6BCB48-E00C-472A-9CE9-10661D62DDBE}.Release|x64.Build.0 = Release|Any CPU
		{6D6BCB48-E00C-472A-9CE9-10661D62DDBE}.Release|x86.ActiveCfg = Release|Any CPU
		{6D6BCB48-E00C-472A-9CE9-10661D62DDBE}.Release|x86.Build.0 = Release|Any CPU
		{DB3C9225-2AB8-4767-8EDF-5E4B8E8C5AA9}.Debug|Any CPU.ActiveCfg = Debug|Any CPU
		{DB3C9225-2AB8-4767-8EDF-5E4B8E8C5AA9}.Debug|Any CPU.Build.0 = Debug|Any CPU
		{DB3C9225-2AB8-4767-8EDF-5E4B8E8C5AA9}.Debug|x64.ActiveCfg = Debug|Any CPU
		{DB3C9225-2AB8-4767-8EDF-5E4B8E8C5AA9}.Debug|x64.Build.0 = Debug|Any CPU
		{DB3C9225-2AB8-4767-8EDF-5E4B8E8C5AA9}.Debug|x86.ActiveCfg = Debug|Any CPU
		{DB3C9225-2AB8-4767-8EDF-5E4B8E8C5AA9}.Debug|x86.Build.0 = Debug|Any CPU
		{DB3C9225-2AB8-4767-8EDF-5E4B8E8C5AA9}.Release|Any CPU.ActiveCfg = Release|Any CPU
		{DB3C9225-2AB8-4767-8EDF-5E4B8E8C5AA9}.Release|Any CPU.Build.0 = Release|Any CPU
		{DB3C9225-2AB8-4767-8EDF-5E4B8E8C5AA9}.Release|x64.ActiveCfg = Release|Any CPU
		{DB3C9225-2AB8-4767-8EDF-5E4B8E8C5AA9}.Release|x64.Build.0 = Release|Any CPU
		{DB3C9225-2AB8-4767-8EDF-5E4B8E8C5AA9}.Release|x86.ActiveCfg = Release|Any CPU
		{DB3C9225-2AB8-4767-8EDF-5E4B8E8C5AA9}.Release|x86.Build.0 = Release|Any CPU
		{A7500003-6DFF-434E-A5AA-6AE8E4358F63}.Debug|Any CPU.ActiveCfg = Debug|Any CPU
		{A7500003-6DFF-434E-A5AA-6AE8E4358F63}.Debug|Any CPU.Build.0 = Debug|Any CPU
		{A7500003-6DFF-434E-A5AA-6AE8E4358F63}.Debug|x64.ActiveCfg = Debug|Any CPU
		{A7500003-6DFF-434E-A5AA-6AE8E4358F63}.Debug|x64.Build.0 = Debug|Any CPU
		{A7500003-6DFF-434E-A5AA-6AE8E4358F63}.Debug|x86.ActiveCfg = Debug|Any CPU
		{A7500003-6DFF-434E-A5AA-6AE8E4358F63}.Debug|x86.Build.0 = Debug|Any CPU
		{A7500003-6DFF-434E-A5AA-6AE8E4358F63}.Release|Any CPU.ActiveCfg = Release|Any CPU
		{A7500003-6DFF-434E-A5AA-6AE8E4358F63}.Release|Any CPU.Build.0 = Release|Any CPU
		{A7500003-6DFF-434E-A5AA-6AE8E4358F63}.Release|x64.ActiveCfg = Release|Any CPU
		{A7500003-6DFF-434E-A5AA-6AE8E4358F63}.Release|x64.Build.0 = Release|Any CPU
		{A7500003-6DFF-434E-A5AA-6AE8E4358F63}.Release|x86.ActiveCfg = Release|Any CPU
		{A7500003-6DFF-434E-A5AA-6AE8E4358F63}.Release|x86.Build.0 = Release|Any CPU
	EndGlobalSection
	GlobalSection(SolutionProperties) = preSolution
		HideSolutionNode = FALSE
	EndGlobalSection
	GlobalSection(NestedProjects) = preSolution
		{D1F76E7C-C1B6-3B9C-7553-FD0990FD489F} = {827E0CD3-B72D-47B6-A68D-7590B98EB39B}
		{DE58A4CA-7DA0-4F82-99E4-8AB47C379AEF} = {D1F76E7C-C1B6-3B9C-7553-FD0990FD489F}
		{C87AAEEA-0364-AEA7-4A02-7B1F98DAEDCF} = {827E0CD3-B72D-47B6-A68D-7590B98EB39B}
		{6D6BCB48-E00C-472A-9CE9-10661D62DDBE} = {C87AAEEA-0364-AEA7-4A02-7B1F98DAEDCF}
		{F1DFE607-A162-5CD8-6B05-E6A3CFBB6686} = {827E0CD3-B72D-47B6-A68D-7590B98EB39B}
		{DB3C9225-2AB8-4767-8EDF-5E4B8E8C5AA9} = {F1DFE607-A162-5CD8-6B05-E6A3CFBB6686}
		{3993769A-9B34-B25F-7DBE-A3C0D685E321} = {827E0CD3-B72D-47B6-A68D-7590B98EB39B}
		{A7500003-6DFF-434E-A5AA-6AE8E4358F63} = {3993769A-9B34-B25F-7DBE-A3C0D685E321}
	EndGlobalSection
EndGlobal
